
Microsoft Visual Studio Solution File, Format Version 12.00
# Visual Studio Version 17
VisualStudioVersion = 17.0.31903.59
MinimumVisualStudioVersion = 10.0.40219.1
Project("{9A19103F-16F7-4668-BE54-9A1E7A4F7556}") = "AuctionService", "src\AuctionService\AuctionService.csproj", "{B70E871D-90E0-4845-BD27-C12B06C56396}"
EndProject
Project("{FAE04EC0-301F-11D3-BF4B-00C04F79EFBC}") = "SearchService", "src\SearchService\SearchService.csproj", "{5AE7FB09-A7DB-4B0A-8CBC-217688B53254}"
EndProject
Project("{2150E333-8FDC-42A3-9474-1A3956D46DE8}") = "src", "src", "{B6D002D6-89CB-4B8C-8105-B0E3CECA9969}"
EndProject
Project("{FAE04EC0-301F-11D3-BF4B-00C04F79EFBC}") = "Contracts", "src\Contracts\Contracts.csproj", "{BDD473B7-1306-479E-AA70-91B29D42D603}"
EndProject
Global
	GlobalSection(SolutionConfigurationPlatforms) = preSolution
		Debug|Any CPU = Debug|Any CPU
		Release|Any CPU = Release|Any CPU
	EndGlobalSection
	GlobalSection(ProjectConfigurationPlatforms) = postSolution
		{B70E871D-90E0-4845-BD27-C12B06C56396}.Debug|Any CPU.ActiveCfg = Debug|Any CPU
		{B70E871D-90E0-4845-BD27-C12B06C56396}.Debug|Any CPU.Build.0 = Debug|Any CPU
		{B70E871D-90E0-4845-BD27-C12B06C56396}.Release|Any CPU.ActiveCfg = Release|Any CPU
		{B70E871D-90E0-4845-BD27-C12B06C56396}.Release|Any CPU.Build.0 = Release|Any CPU
		{5AE7FB09-A7DB-4B0A-8CBC-217688B53254}.Debug|Any CPU.ActiveCfg = Debug|Any CPU
		{5AE7FB09-A7DB-4B0A-8CBC-217688B53254}.Debug|Any CPU.Build.0 = Debug|Any CPU
		{5AE7FB09-A7DB-4B0A-8CBC-217688B53254}.Release|Any CPU.ActiveCfg = Release|Any CPU
		{5AE7FB09-A7DB-4B0A-8CBC-217688B53254}.Release|Any CPU.Build.0 = Release|Any CPU
		{BDD473B7-1306-479E-AA70-91B29D42D603}.Debug|Any CPU.ActiveCfg = Debug|Any CPU
		{BDD473B7-1306-479E-AA70-91B29D42D603}.Debug|Any CPU.Build.0 = Debug|Any CPU
		{BDD473B7-1306-479E-AA70-91B29D42D603}.Release|Any CPU.ActiveCfg = Release|Any CPU
		{BDD473B7-1306-479E-AA70-91B29D42D603}.Release|Any CPU.Build.0 = Release|Any CPU
	EndGlobalSection
	GlobalSection(SolutionProperties) = preSolution
		HideSolutionNode = FALSE
	EndGlobalSection
	GlobalSection(NestedProjects) = preSolution
		{5AE7FB09-A7DB-4B0A-8CBC-217688B53254} = {C418B463-7491-424F-9D1D-B6D78D50EBB8}
		{BDD473B7-1306-479E-AA70-91B29D42D603} = {B6D002D6-89CB-4B8C-8105-B0E3CECA9969}
	EndGlobalSection
EndGlobal
